{
  "name": "kino",
  "version": "1.0.0",
  "lockfileVersion": 1,
  "requires": true,
  "dependencies": {
    "jquery": {
      "version": "3.5.0",
      "resolved": "https://registry.npmjs.org/jquery/-/jquery-3.5.0.tgz",
      "integrity": "sha512-Xb7SVYMvygPxbFMpTFQiHh1J7HClEaThguL15N/Gg37Lri/qKyhRGZYzHRyLH8Stq3Aow0LsHO2O2ci86fCrNQ=="
    },
    "vue": {
      "version": "2.5.16",
      "resolved": "https://registry.npmjs.org/vue/-/vue-2.5.16.tgz",
      "integrity": "sha512-/ffmsiVuPC8PsWcFkZngdpas19ABm5mh2wA7iDqcltyCTwlgZjHGeJYOXkBMo422iPwIcviOtrTCUpSfXmToLQ=="
    },
    "vue-router": {
      "version": "3.1.6",
      "resolved": "https://registry.npmjs.org/vue-router/-/vue-router-3.1.6.tgz",
      "integrity": "sha512-GYhn2ynaZlysZMkFE5oCHRUTqE8BWs/a9YbKpNLi0i7xD6KG1EzDqpHQmv1F5gXjr8kL5iIVS8EOtRaVUEXTqA=="
    }
  }
}
